
Microsoft Visual Studio Solution File, Format Version 12.00
# Visual Studio Version 17
VisualStudioVersion = 17.0.31903.59
MinimumVisualStudioVersion = 10.0.40219.1
Project("{FAE04EC0-301F-11D3-BF4B-00C04F79EFBC}") = "WPD.Lib", "WPD.Lib\WPD.Lib.csproj", "{037EDA12-91B8-4F58-ACD2-CB43D189BDB2}"
EndProject
Project("{FAE04EC0-301F-11D3-BF4B-00C04F79EFBC}") = "IMGBlibrary", "..\IMGBlibrary\IMGBlibrary.csproj", "{64E19F94-8241-4298-9E68-772C0055F0C8}"
EndProject
Project("{FAE04EC0-301F-11D3-BF4B-00C04F79EFBC}") = "WPDtool", "WPDtool\WPDtool.csproj", "{023C621D-CCE0-454B-9256-C67E4B4BD51E}"
EndProject
Global
	GlobalSection(SolutionConfigurationPlatforms) = preSolution
		Debug|Any CPU = Debug|Any CPU
		Release|Any CPU = Release|Any CPU
	EndGlobalSection
	GlobalSection(SolutionProperties) = preSolution
		HideSolutionNode = FALSE
	EndGlobalSection
	GlobalSection(ProjectConfigurationPlatforms) = postSolution
		{037EDA12-91B8-4F58-ACD2-CB43D189BDB2}.Debug|Any CPU.ActiveCfg = Debug|Any CPU
		{037EDA12-91B8-4F58-ACD2-CB43D189BDB2}.Debug|Any CPU.Build.0 = Debug|Any CPU
		{037EDA12-91B8-4F58-ACD2-CB43D189BDB2}.Release|Any CPU.ActiveCfg = Release|Any CPU
		{037EDA12-91B8-4F58-ACD2-CB43D189BDB2}.Release|Any CPU.Build.0 = Release|Any CPU
		{64E19F94-8241-4298-9E68-772C0055F0C8}.Debug|Any CPU.ActiveCfg = Debug|Any CPU
		{64E19F94-8241-4298-9E68-772C0055F0C8}.Debug|Any CPU.Build.0 = Debug|Any CPU
		{64E19F94-8241-4298-9E68-772C0055F0C8}.Release|Any CPU.ActiveCfg = Release|Any CPU
		{64E19F94-8241-4298-9E68-772C0055F0C8}.Release|Any CPU.Build.0 = Release|Any CPU
		{023C621D-CCE0-454B-9256-C67E4B4BD51E}.Debug|Any CPU.ActiveCfg = Debug|Any CPU
		{023C621D-CCE0-454B-9256-C67E4B4BD51E}.Debug|Any CPU.Build.0 = Debug|Any CPU
		{023C621D-CCE0-454B-9256-C67E4B4BD51E}.Release|Any CPU.ActiveCfg = Release|Any CPU
		{023C621D-CCE0-454B-9256-C67E4B4BD51E}.Release|Any CPU.Build.0 = Release|Any CPU
	EndGlobalSection
EndGlobal
